Microsoft Visual Studio Solution File, Format Version 12.00
# Visual Studio Version 16
VisualStudioVersion = 16.0.29728.190
MinimumVisualStudioVersion = 10.0.40219.1
Project("{FAE04EC0-301F-11D3-BF4B-00C04F79EFBC}") = "ProfinderApplication", "ProfinderApplication\ProfinderApplication.csproj", "{9B09005A-709B-4E43-994F-B6098984547E}"
EndProject
Project("{FAE04EC0-301F-11D3-BF4B-00C04F79EFBC}") = "ComoundTable", "ComoundTable\ComoundTable.csproj", "{93CBB6E3-ECC0-47BA-9E38-D62CCC782DB5}"
EndProject
Project("{FAE04EC0-301F-11D3-BF4B-00C04F79EFBC}") = "CompoundGroupsTable", "CompoundGroupsTable\CompoundGroupsTable.csproj", "{AF6AB015-D2B3-4C22-ABF6-AD81799200A5}"
EndProject
Project("{FAE04EC0-301F-11D3-BF4B-00C04F79EFBC}") = "CompoundSpectrum", "CompoundSpectrum\CompoundSpectrum.csproj", "{0EFCFD29-879D-4136-ADE8-A163EAB71479}"
EndProject
Project("{FAE04EC0-301F-11D3-BF4B-00C04F79EFBC}") = "CompoundChromatogram", "CompoundChromatogram\CompoundChromatogram.csproj", "{943F800A-AEF9-447B-8DCB-514F59E6DC84}"
EndProject
Project("{FAE04EC0-301F-11D3-BF4B-00C04F79EFBC}") = "ProfinderController", "ProfinderController\ProfinderController.csproj", "{3B066CCE-3DA3-4BC3-8112-93B45717D827}"
EndProject
Project("{FAE04EC0-301F-11D3-BF4B-00C04F79EFBC}") = "ProfinderDevelopment", "ProfinderDevelopment\ProfinderDevelopment.csproj", "{EE107D46-1B6B-4571-8CE8-15F8E7211D14}"
EndProject
Project("{FAE04EC0-301F-11D3-BF4B-00C04F79EFBC}") = "DataTypes", "DataTypes\DataTypes.csproj", "{D35697EF-6866-4CB1-9754-4349798D00BE}"
EndProject
Project("{FAE04EC0-301F-11D3-BF4B-00C04F79EFBC}") = "Events", "Events\Events.csproj", "{22043320-4570-42B0-9D52-937437119DB1}"
EndProject
Project("{FAE04EC0-301F-11D3-BF4B-00C04F79EFBC}") = "MFEProcessor", "MFEProcessor\MFEProcessor.csproj", "{24F0A795-222E-44EA-86E2-4C5C2390447E}"
EndProject
Project("{FAE04EC0-301F-11D3-BF4B-00C04F79EFBC}") = "TICPlot", "TICPlot\TICPlot.csproj", "{216EF1B0-2A84-4E02-A8BD-87B6F98D2622}"
EndProject
Project("{FAE04EC0-301F-11D3-BF4B-00C04F79EFBC}") = "TICPlotDataExtractor", "TICPlotDataExtractor\TICPlotDataExtractor.csproj", "{F8C1E797-164E-40D7-B55E-83CE7E66459A}"
EndProject
Project("{FAE04EC0-301F-11D3-BF4B-00C04F79EFBC}") = "Utils", "Utils\Utils.csproj", "{932E37E1-B6DE-4E8C-A7F9-5719340D05ED}"
EndProject
Project("{FAE04EC0-301F-11D3-BF4B-00C04F79EFBC}") = "SampleGrouping", "SampleGrouping\SampleGrouping.csproj", "{3B06EF68-B997-4BEB-8422-FCEC4D8FBFC5}"
EndProject
Project("{FAE04EC0-301F-11D3-BF4B-00C04F79EFBC}") = "FeatureExtractionUI", "FeatureExtractionUI\FeatureExtractionUI.csproj", "{90CBD26B-9483-4148-8CA6-07544C998D8A}"
EndProject
Project("{FAE04EC0-301F-11D3-BF4B-00C04F79EFBC}") = "ExperimentSetupParameters", "ExperimentSetupParameters\ExperimentSetupParameters.csproj", "{09B3507E-9D09-431C-8D66-7A45FAEA37AE}"
EndProject
Global
	GlobalSection(SolutionConfigurationPlatforms) = preSolution
		Debug|Any CPU = Debug|Any CPU
		Debug|x86 = Debug|x86
		Release|Any CPU = Release|Any CPU
		Release|x86 = Release|x86
	EndGlobalSection
	GlobalSection(ProjectConfigurationPlatforms) = postSolution
		{9B09005A-709B-4E43-994F-B6098984547E}.Debug|Any CPU.ActiveCfg = Debug|Any CPU
		{9B09005A-709B-4E43-994F-B6098984547E}.Debug|Any CPU.Build.0 = Debug|Any CPU
		{9B09005A-709B-4E43-994F-B6098984547E}.Debug|x86.ActiveCfg = Debug|x86
		{9B09005A-709B-4E43-994F-B6098984547E}.Debug|x86.Build.0 = Debug|x86
		{9B09005A-709B-4E43-994F-B6098984547E}.Release|Any CPU.ActiveCfg = Release|Any CPU
		{9B09005A-709B-4E43-994F-B6098984547E}.Release|Any CPU.Build.0 = Release|Any CPU
		{9B09005A-709B-4E43-994F-B6098984547E}.Release|x86.ActiveCfg = Release|x86
		{9B09005A-709B-4E43-994F-B6098984547E}.Release|x86.Build.0 = Release|x86
		{93CBB6E3-ECC0-47BA-9E38-D62CCC782DB5}.Debug|Any CPU.ActiveCfg = Debug|Any CPU
		{93CBB6E3-ECC0-47BA-9E38-D62CCC782DB5}.Debug|Any CPU.Build.0 = Debug|Any CPU
		{93CBB6E3-ECC0-47BA-9E38-D62CCC782DB5}.Debug|x86.ActiveCfg = Debug|Any CPU
		{93CBB6E3-ECC0-47BA-9E38-D62CCC782DB5}.Debug|x86.Build.0 = Debug|Any CPU
		{93CBB6E3-ECC0-47BA-9E38-D62CCC782DB5}.Release|Any CPU.ActiveCfg = Release|Any CPU
		{93CBB6E3-ECC0-47BA-9E38-D62CCC782DB5}.Release|Any CPU.Build.0 = Release|Any CPU
		{93CBB6E3-ECC0-47BA-9E38-D62CCC782DB5}.Release|x86.ActiveCfg = Release|Any CPU
		{93CBB6E3-ECC0-47BA-9E38-D62CCC782DB5}.Release|x86.Build.0 = Release|Any CPU
		{AF6AB015-D2B3-4C22-ABF6-AD81799200A5}.Debug|Any CPU.ActiveCfg = Debug|Any CPU
		{AF6AB015-D2B3-4C22-ABF6-AD81799200A5}.Debug|Any CPU.Build.0 = Debug|Any CPU
		{AF6AB015-D2B3-4C22-ABF6-AD81799200A5}.Debug|x86.ActiveCfg = Debug|Any CPU
		{AF6AB015-D2B3-4C22-ABF6-AD81799200A5}.Debug|x86.Build.0 = Debug|Any CPU
		{AF6AB015-D2B3-4C22-ABF6-AD81799200A5}.Release|Any CPU.ActiveCfg = Release|Any CPU
		{AF6AB015-D2B3-4C22-ABF6-AD81799200A5}.Release|Any CPU.Build.0 = Release|Any CPU
		{AF6AB015-D2B3-4C22-ABF6-AD81799200A5}.Release|x86.ActiveCfg = Release|Any CPU
		{AF6AB015-D2B3-4C22-ABF6-AD81799200A5}.Release|x86.Build.0 = Release|Any CPU
		{0EFCFD29-879D-4136-ADE8-A163EAB71479}.Debug|Any CPU.ActiveCfg = Debug|Any CPU
		{0EFCFD29-879D-4136-ADE8-A163EAB71479}.Debug|Any CPU.Build.0 = Debug|Any CPU
		{0EFCFD29-879D-4136-ADE8-A163EAB71479}.Debug|x86.ActiveCfg = Debug|Any CPU
		{0EFCFD29-879D-4136-ADE8-A163EAB71479}.Debug|x86.Build.0 = Debug|Any CPU
		{0EFCFD29-879D-4136-ADE8-A163EAB71479}.Release|Any CPU.ActiveCfg = Release|Any CPU
		{0EFCFD29-879D-4136-ADE8-A163EAB71479}.Release|Any CPU.Build.0 = Release|Any CPU
		{0EFCFD29-879D-4136-ADE8-A163EAB71479}.Release|x86.ActiveCfg = Release|Any CPU
		{0EFCFD29-879D-4136-ADE8-A163EAB71479}.Release|x86.Build.0 = Release|Any CPU
		{943F800A-AEF9-447B-8DCB-514F59E6DC84}.Debug|Any CPU.ActiveCfg = Debug|Any CPU
		{943F800A-AEF9-447B-8DCB-514F59E6DC84}.Debug|Any CPU.Build.0 = Debug|Any CPU
		{943F800A-AEF9-447B-8DCB-514F59E6DC84}.Debug|x86.ActiveCfg = Debug|Any CPU
		{943F800A-AEF9-447B-8DCB-514F59E6DC84}.Debug|x86.Build.0 = Debug|Any CPU
		{943F800A-AEF9-447B-8DCB-514F59E6DC84}.Release|Any CPU.ActiveCfg = Release|Any CPU
		{943F800A-AEF9-447B-8DCB-514F59E6DC84}.Release|Any CPU.Build.0 = Release|Any CPU
		{943F800A-AEF9-447B-8DCB-514F59E6DC84}.Release|x86.ActiveCfg = Release|Any CPU
		{943F800A-AEF9-447B-8DCB-514F59E6DC84}.Release|x86.Build.0 = Release|Any CPU
		{3B066CCE-3DA3-4BC3-8112-93B45717D827}.Debug|Any CPU.ActiveCfg = Debug|Any CPU
		{3B066CCE-3DA3-4BC3-8112-93B45717D827}.Debug|Any CPU.Build.0 = Debug|Any CPU
		{3B066CCE-3DA3-4BC3-8112-93B45717D827}.Debug|x86.ActiveCfg = Debug|Any CPU
		{3B066CCE-3DA3-4BC3-8112-93B45717D827}.Debug|x86.Build.0 = Debug|Any CPU
		{3B066CCE-3DA3-4BC3-8112-93B45717D827}.Release|Any CPU.ActiveCfg = Release|Any CPU
		{3B066CCE-3DA3-4BC3-8112-93B45717D827}.Release|Any CPU.Build.0 = Release|Any CPU
		{3B066CCE-3DA3-4BC3-8112-93B45717D827}.Release|x86.ActiveCfg = Release|Any CPU
		{3B066CCE-3DA3-4BC3-8112-93B45717D827}.Release|x86.Build.0 = Release|Any CPU
		{EE107D46-1B6B-4571-8CE8-15F8E7211D14}.Debug|Any CPU.ActiveCfg = Debug|Any CPU
		{EE107D46-1B6B-4571-8CE8-15F8E7211D14}.Debug|Any CPU.Build.0 = Debug|Any CPU
		{EE107D46-1B6B-4571-8CE8-15F8E7211D14}.Debug|x86.ActiveCfg = Debug|Any CPU
		{EE107D46-1B6B-4571-8CE8-15F8E7211D14}.Debug|x86.Build.0 = Debug|Any CPU
		{EE107D46-1B6B-4571-8CE8-15F8E7211D14}.Release|Any CPU.ActiveCfg = Release|Any CPU
		{EE107D46-1B6B-4571-8CE8-15F8E7211D14}.Release|Any CPU.Build.0 = Release|Any CPU
		{EE107D46-1B6B-4571-8CE8-15F8E7211D14}.Release|x86.ActiveCfg = Release|Any CPU
		{EE107D46-1B6B-4571-8CE8-15F8E7211D14}.Release|x86.Build.0 = Release|Any CPU
		{D35697EF-6866-4CB1-9754-4349798D00BE}.Debug|Any CPU.ActiveCfg = Debug|Any CPU
		{D35697EF-6866-4CB1-9754-4349798D00BE}.Debug|Any CPU.Build.0 = Debug|Any CPU
		{D35697EF-6866-4CB1-9754-4349798D00BE}.Debug|x86.ActiveCfg = Debug|Any CPU
		{D35697EF-6866-4CB1-9754-4349798D00BE}.Debug|x86.Build.0 = Debug|Any CPU
		{D35697EF-6866-4CB1-9754-4349798D00BE}.Release|Any CPU.ActiveCfg = Release|Any CPU
		{D35697EF-6866-4CB1-9754-4349798D00BE}.Release|Any CPU.Build.0 = Release|Any CPU
		{D35697EF-6866-4CB1-9754-4349798D00BE}.Release|x86.ActiveCfg = Release|Any CPU
		{D35697EF-6866-4CB1-9754-4349798D00BE}.Release|x86.Build.0 = Release|Any CPU
		{22043320-4570-42B0-9D52-937437119DB1}.Debug|Any CPU.ActiveCfg = Debug|Any CPU
		{22043320-4570-42B0-9D52-937437119DB1}.Debug|Any CPU.Build.0 = Debug|Any CPU
		{22043320-4570-42B0-9D52-937437119DB1}.Debug|x86.ActiveCfg = Debug|Any CPU
		{22043320-4570-42B0-9D52-937437119DB1}.Debug|x86.Build.0 = Debug|Any CPU
		{22043320-4570-42B0-9D52-937437119DB1}.Release|Any CPU.ActiveCfg = Release|Any CPU
		{22043320-4570-42B0-9D52-937437119DB1}.Release|Any CPU.Build.0 = Release|Any CPU
		{22043320-4570-42B0-9D52-937437119DB1}.Release|x86.ActiveCfg = Release|Any CPU
		{22043320-4570-42B0-9D52-937437119DB1}.Release|x86.Build.0 = Release|Any CPU
		{24F0A795-222E-44EA-86E2-4C5C2390447E}.Debug|Any CPU.ActiveCfg = Debug|Any CPU
		{24F0A795-222E-44EA-86E2-4C5C2390447E}.Debug|Any CPU.Build.0 = Debug|Any CPU
		{24F0A795-222E-44EA-86E2-4C5C2390447E}.Debug|x86.ActiveCfg = Debug|Any CPU
		{24F0A795-222E-44EA-86E2-4C5C2390447E}.Debug|x86.Build.0 = Debug|Any CPU
		{24F0A795-222E-44EA-86E2-4C5C2390447E}.Release|Any CPU.ActiveCfg = Release|Any CPU
		{24F0A795-222E-44EA-86E2-4C5C2390447E}.Release|Any CPU.Build.0 = Release|Any CPU
		{24F0A795-222E-44EA-86E2-4C5C2390447E}.Release|x86.ActiveCfg = Release|Any CPU
		{24F0A795-222E-44EA-86E2-4C5C2390447E}.Release|x86.Build.0 = Release|Any CPU
		{216EF1B0-2A84-4E02-A8BD-87B6F98D2622}.Debug|Any CPU.ActiveCfg = Debug|Any CPU
		{216EF1B0-2A84-4E02-A8BD-87B6F98D2622}.Debug|Any CPU.Build.0 = Debug|Any CPU
		{216EF1B0-2A84-4E02-A8BD-87B6F98D2622}.Debug|x86.ActiveCfg = Debug|Any CPU
		{216EF1B0-2A84-4E02-A8BD-87B6F98D2622}.Debug|x86.Build.0 = Debug|Any CPU
		{216EF1B0-2A84-4E02-A8BD-87B6F98D2622}.Release|Any CPU.ActiveCfg = Release|Any CPU
		{216EF1B0-2A84-4E02-A8BD-87B6F98D2622}.Release|Any CPU.Build.0 = Release|Any CPU
		{216EF1B0-2A84-4E02-A8BD-87B6F98D2622}.Release|x86.ActiveCfg = Release|Any CPU
		{216EF1B0-2A84-4E02-A8BD-87B6F98D2622}.Release|x86.Build.0 = Release|Any CPU
		{F8C1E797-164E-40D7-B55E-83CE7E66459A}.Debug|Any CPU.ActiveCfg = Debug|Any CPU
		{F8C1E797-164E-40D7-B55E-83CE7E66459A}.Debug|Any CPU.Build.0 = Debug|Any CPU
		{F8C1E797-164E-40D7-B55E-83CE7E66459A}.Debug|x86.ActiveCfg = Debug|Any CPU
		{F8C1E797-164E-40D7-B55E-83CE7E66459A}.Debug|x86.Build.0 = Debug|Any CPU
		{F8C1E797-164E-40D7-B55E-83CE7E66459A}.Release|Any CPU.ActiveCfg = Release|Any CPU
		{F8C1E797-164E-40D7-B55E-83CE7E66459A}.Release|Any CPU.Build.0 = Release|Any CPU
		{F8C1E797-164E-40D7-B55E-83CE7E66459A}.Release|x86.ActiveCfg = Release|Any CPU
		{F8C1E797-164E-40D7-B55E-83CE7E66459A}.Release|x86.Build.0 = Release|Any CPU
		{932E37E1-B6DE-4E8C-A7F9-5719340D05ED}.Debug|Any CPU.ActiveCfg = Debug|Any CPU
		{932E37E1-B6DE-4E8C-A7F9-5719340D05ED}.Debug|Any CPU.Build.0 = Debug|Any CPU
		{932E37E1-B6DE-4E8C-A7F9-5719340D05ED}.Debug|x86.ActiveCfg = Debug|Any CPU
		{932E37E1-B6DE-4E8C-A7F9-5719340D05ED}.Debug|x86.Build.0 = Debug|Any CPU
		{932E37E1-B6DE-4E8C-A7F9-5719340D05ED}.Release|Any CPU.ActiveCfg = Release|Any CPU
		{932E37E1-B6DE-4E8C-A7F9-5719340D05ED}.Release|Any CPU.Build.0 = Release|Any CPU
		{932E37E1-B6DE-4E8C-A7F9-5719340D05ED}.Release|x86.ActiveCfg = Release|Any CPU
		{932E37E1-B6DE-4E8C-A7F9-5719340D05ED}.Release|x86.Build.0 = Release|Any CPU
		{3B06EF68-B997-4BEB-8422-FCEC4D8FBFC5}.Debug|Any CPU.ActiveCfg = Debug|Any CPU
		{3B06EF68-B997-4BEB-8422-FCEC4D8FBFC5}.Debug|Any CPU.Build.0 = Debug|Any CPU
		{3B06EF68-B997-4BEB-8422-FCEC4D8FBFC5}.Debug|x86.ActiveCfg = Debug|Any CPU
		{3B06EF68-B997-4BEB-8422-FCEC4D8FBFC5}.Debug|x86.Build.0 = Debug|Any CPU
		{3B06EF68-B997-4BEB-8422-FCEC4D8FBFC5}.Release|Any CPU.ActiveCfg = Release|Any CPU
		{3B06EF68-B997-4BEB-8422-FCEC4D8FBFC5}.Release|Any CPU.Build.0 = Release|Any CPU
		{3B06EF68-B997-4BEB-8422-FCEC4D8FBFC5}.Release|x86.ActiveCfg = Release|Any CPU
		{3B06EF68-B997-4BEB-8422-FCEC4D8FBFC5}.Release|x86.Build.0 = Release|Any CPU
		{90CBD26B-9483-4148-8CA6-07544C998D8A}.Debug|Any CPU.ActiveCfg = Debug|Any CPU
		{90CBD26B-9483-4148-8CA6-07544C998D8A}.Debug|Any CPU.Build.0 = Debug|Any CPU
		{90CBD26B-9483-4148-8CA6-07544C998D8A}.Debug|x86.ActiveCfg = Debug|Any CPU
		{90CBD26B-9483-4148-8CA6-07544C998D8A}.Debug|x86.Build.0 = Debug|Any CPU
		{90CBD26B-9483-4148-8CA6-07544C998D8A}.Release|Any CPU.ActiveCfg = Release|Any CPU
		{90CBD26B-9483-4148-8CA6-07544C998D8A}.Release|Any CPU.Build.0 = Release|Any CPU
		{90CBD26B-9483-4148-8CA6-07544C998D8A}.Release|x86.ActiveCfg = Release|Any CPU
		{90CBD26B-9483-4148-8CA6-07544C998D8A}.Release|x86.Build.0 = Release|Any CPU
		{09B3507E-9D09-431C-8D66-7A45FAEA37AE}.Debug|Any CPU.ActiveCfg = Debug|Any CPU
		{09B3507E-9D09-431C-8D66-7A45FAEA37AE}.Debug|Any CPU.Build.0 = Debug|Any CPU
		{09B3507E-9D09-431C-8D66-7A45FAEA37AE}.Debug|x86.ActiveCfg = Debug|Any CPU
		{09B3507E-9D09-431C-8D66-7A45FAEA37AE}.Debug|x86.Build.0 = Debug|Any CPU
		{09B3507E-9D09-431C-8D66-7A45FAEA37AE}.Release|Any CPU.ActiveCfg = Release|Any CPU
		{09B3507E-9D09-431C-8D66-7A45FAEA37AE}.Release|Any CPU.Build.0 = Release|Any CPU
		{09B3507E-9D09-431C-8D66-7A45FAEA37AE}.Release|x86.ActiveCfg = Release|Any CPU
		{09B3507E-9D09-431C-8D66-7A45FAEA37AE}.Release|x86.Build.0 = Release|Any CPU
	EndGlobalSection
	GlobalSection(SolutionProperties) = preSolution
		HideSolutionNode = FALSE
	EndGlobalSection
	GlobalSection(ExtensibilityGlobals) = postSolution
		SolutionGuid = {F7B5C635-9AF5-4EE5-957D-E01E7EF5E248}
	EndGlobalSection
EndGlobal
